
Microsoft Visual Studio Solution File, Format Version 12.00
# Visual Studio Version 17
VisualStudioVersion = 17.0.32126.317
MinimumVisualStudioVersion = 10.0.40219.1
Project("{FAE04EC0-301F-11D3-BF4B-00C04F79EFBC}") = "Emoji", "Emoji\Emoji.csproj", "{CDCEF2E7-C714-4066-8918-A64ABF412494}"
EndProject
Global
	GlobalSection(SolutionConfigurationPlatforms) = preSolution
		Debug|Any CPU = Debug|Any CPU
		Release|Any CPU = Release|Any CPU
	EndGlobalSection
	GlobalSection(ProjectConfigurationPlatforms) = postSolution
		{CDCEF2E7-C714-4066-8918-A64ABF412494}.Debug|Any CPU.ActiveCfg = Debug|Any CPU
		{CDCEF2E7-C714-4066-8918-A64ABF412494}.Debug|Any CPU.Build.0 = Debug|Any CPU
		{CDCEF2E7-C714-4066-8918-A64ABF412494}.Release|Any CPU.ActiveCfg = Release|Any CPU
		{CDCEF2E7-C714-4066-8918-A64ABF412494}.Release|Any CPU.Build.0 = Release|Any CPU
	EndGlobalSection
	GlobalSection(SolutionProperties) = preSolution
		HideSolutionNode = FALSE
	EndGlobalSection
	GlobalSection(ExtensibilityGlobals) = postSolution
		SolutionGuid = {C3332CC3-6A11-43DA-8541-9877F52878EC}
	EndGlobalSection
EndGlobal
